// !$*UTF8*$!
{
	archiveVersion = 1;
	classes = {
	};
	objectVersion = 46;
	objects = {

/* Begin PBXBuildFile section */
		097835671D57B0EA00E47ED3 /* unity.build.cpp in Sources */ = {isa = PBXBuildFile; fileRef = 097835661D57B0EA00E47ED3 /* unity.build.cpp */; };
		097835681D57B0EA00E47ED3 /* unity.build.cpp in Sources */ = {isa = PBXBuildFile; fileRef = 097835661D57B0EA00E47ED3 /* unity.build.cpp */; };
		09C682D51E28945600C2716D /* channel.h in Headers */ = {isa = PBXBuildFile; fileRef = 09C682D21E28945600C2716D /* channel.h */; };
		09C682D61E28945600C2716D /* stereo.h in Headers */ = {isa = PBXBuildFile; fileRef = 09C682D31E28945600C2716D /* stereo.h */; };
		09C682D71E28945600C2716D /* oscillator.h in Headers */ = {isa = PBXBuildFile; fileRef = 09C682D41E28945600C2716D /* oscillator.h */; };
/* End PBXBuildFile section */

/* Begin PBXCopyFilesBuildPhase section */
		09E7B1251BB5C729007BAA5F /* CopyFiles */ = {
			isa = PBXCopyFilesBuildPhase;
			buildActionMask = 2147483647;
			dstPath = "include/$(PRODUCT_NAME)";
			dstSubfolderSpec = 16;
			files = (
			);
			runOnlyForDeploymentPostprocessing = 0;
		};
/* End PBXCopyFilesBuildPhase section */

/* Begin PBXFileReference section */
		0907BFB11E33BB3A003E19A1 /* sound.functions.h */ = {isa = PBXFileReference; lastKnownFileType = sourcecode.c.h; name = sound.functions.h; path = include/sound.functions.h; sourceTree = "<group>"; };
		097835661D57B0EA00E47ED3 /* unity.build.cpp */ = {isa = PBXFileReference; fileEncoding = 4; lastKnownFileType = sourcecode.cpp.cpp; name = unity.build.cpp; path = source/unity.build.cpp; sourceTree = "<group>"; };
		09C645AB1E0A9E4200153C61 /* parse.music.cpp */ = {isa = PBXFileReference; lastKnownFileType = sourcecode.cpp.cpp; name = parse.music.cpp; path = source/parse.music.cpp; sourceTree = "<group>"; };
		09C645AC1E0ADC9800153C61 /* sound.h */ = {isa = PBXFileReference; lastKnownFileType = sourcecode.c.h; name = sound.h; path = include/sound.h; sourceTree = "<group>"; };
		09C645AD1E0ADCEE00153C61 /* parse.music.h */ = {isa = PBXFileReference; fileEncoding = 4; lastKnownFileType = sourcecode.c.h; name = parse.music.h; path = include/parse.music.h; sourceTree = "<group>"; };
		09C645AF1E0ADD6900153C61 /* sound.cpp */ = {isa = PBXFileReference; lastKnownFileType = sourcecode.cpp.cpp; name = sound.cpp; path = source/sound.cpp; sourceTree = "<group>"; };
		09C645B21E0EC84D00153C61 /* out.h */ = {isa = PBXFileReference; lastKnownFileType = sourcecode.c.h; name = out.h; path = include/out.h; sourceTree = "<group>"; };
		09C645B31E0EC8A200153C61 /* out.cpp */ = {isa = PBXFileReference; lastKnownFileType = sourcecode.cpp.cpp; name = out.cpp; path = source/out.cpp; sourceTree = "<group>"; };
		09C645B41E0EC98300153C61 /* request.h */ = {isa = PBXFileReference; lastKnownFileType = sourcecode.c.h; name = request.h; path = include/request.h; sourceTree = "<group>"; };
		09C645B51E0ECBBF00153C61 /* note.h */ = {isa = PBXFileReference; lastKnownFileType = sourcecode.c.h; name = note.h; path = include/note.h; sourceTree = "<group>"; };
		09C645B71E0ED37000153C61 /* request.cpp */ = {isa = PBXFileReference; lastKnownFileType = sourcecode.cpp.cpp; name = request.cpp; path = source/request.cpp; sourceTree = "<group>"; };
		09C682D21E28945600C2716D /* channel.h */ = {isa = PBXFileReference; fileEncoding = 4; lastKnownFileType = sourcecode.c.h; name = channel.h; path = include/channel.h; sourceTree = "<group>"; };
		09C682D31E28945600C2716D /* stereo.h */ = {isa = PBXFileReference; fileEncoding = 4; lastKnownFileType = sourcecode.c.h; name = stereo.h; path = include/stereo.h; sourceTree = "<group>"; };
		09C682D41E28945600C2716D /* oscillator.h */ = {isa = PBXFileReference; fileEncoding = 4; lastKnownFileType = sourcecode.c.h; name = oscillator.h; path = include/oscillator.h; sourceTree = "<group>"; };
		09C682D81E28E44600C2716D /* channel.cpp */ = {isa = PBXFileReference; lastKnownFileType = sourcecode.cpp.cpp; name = channel.cpp; path = source/channel.cpp; sourceTree = "<group>"; };
		09C84A441C271D95002CF5B7 /* osx.debug.xcconfig */ = {isa = PBXFileReference; lastKnownFileType = text.xcconfig; path = osx.debug.xcconfig; sourceTree = "<group>"; };
		09C84A451C271D95002CF5B7 /* ios.debug.xcconfig */ = {isa = PBXFileReference; lastKnownFileType = text.xcconfig; path = ios.debug.xcconfig; sourceTree = "<group>"; };
		09C84A461C271D95002CF5B7 /* ios.release.xcconfig */ = {isa = PBXFileReference; lastKnownFileType = text.xcconfig; path = ios.release.xcconfig; sourceTree = "<group>"; };
		09C84A471C271D95002CF5B7 /* ios.xcconfig */ = {isa = PBXFileReference; lastKnownFileType = text.xcconfig; path = ios.xcconfig; sourceTree = "<group>"; };
		09C84A481C271D95002CF5B7 /* osx.release.xcconfig */ = {isa = PBXFileReference; lastKnownFileType = text.xcconfig; path = osx.release.xcconfig; sourceTree = "<group>"; };
		09C84A491C271D95002CF5B7 /* osx.xcconfig */ = {isa = PBXFileReference; lastKnownFileType = text.xcconfig; path = osx.xcconfig; sourceTree = "<group>"; };
		09C84A4A1C271D95002CF5B7 /* Project.Debug.xcconfig */ = {isa = PBXFileReference; lastKnownFileType = text.xcconfig; path = Project.Debug.xcconfig; sourceTree = "<group>"; };
		09C84A4B1C271D95002CF5B7 /* Project.Release.xcconfig */ = {isa = PBXFileReference; lastKnownFileType = text.xcconfig; path = Project.Release.xcconfig; sourceTree = "<group>"; };
		09C84A4C1C271D95002CF5B7 /* Project.Shared.xcconfig */ = {isa = PBXFileReference; lastKnownFileType = text.xcconfig; path = Project.Shared.xcconfig; sourceTree = "<group>"; };
		09CA7B291E05A25600E9CDF3 /* public.h */ = {isa = PBXFileReference; lastKnownFileType = sourcecode.c.h; name = public.h; path = include/public.h; sourceTree = "<group>"; };
		09CA7B2A1E05A27C00E9CDF3 /* private.h */ = {isa = PBXFileReference; fileEncoding = 4; lastKnownFileType = sourcecode.c.h; name = private.h; path = source/private.h; sourceTree = "<group>"; };
		09E166FB1E306C8300822112 /* sound.defines.h */ = {isa = PBXFileReference; lastKnownFileType = sourcecode.c.h; name = sound.defines.h; path = include/sound.defines.h; sourceTree = "<group>"; };
		09E7B11C1BB5C64E007BAA5F /* libos.audio.osx.a */ = {isa = PBXFileReference; explicitFileType = archive.ar; includeInIndex = 0; path = libos.audio.osx.a; sourceTree = BUILT_PRODUCTS_DIR; };
		09E7B1271BB5C729007BAA5F /* libos.audio.ios.a */ = {isa = PBXFileReference; explicitFileType = archive.ar; includeInIndex = 0; path = libos.audio.ios.a; sourceTree = BUILT_PRODUCTS_DIR; };
		09E7B1301BB5CA01007BAA5F /* os.audio.cpp */ = {isa = PBXFileReference; explicitFileType = sourcecode.cpp.objcpp; fileEncoding = 4; lineEnding = 0; name = os.audio.cpp; path = source/os.audio.cpp; sourceTree = "<group>"; xcLanguageSpecificationIdentifier = xcode.lang.cpp; };
		09E7B1331BB5CA29007BAA5F /* os.audio.h */ = {isa = PBXFileReference; fileEncoding = 4; lastKnownFileType = sourcecode.c.h; lineEnding = 0; name = os.audio.h; path = include/os.audio.h; sourceTree = "<group>"; xcLanguageSpecificationIdentifier = xcode.lang.objcpp; };
/* End PBXFileReference section */

/* Begin PBXFrameworksBuildPhase section */
		09E7B1191BB5C64E007BAA5F /* Frameworks */ = {
			isa = PBXFrameworksBuildPhase;
			buildActionMask = 2147483647;
			files = (
			);
			runOnlyForDeploymentPostprocessing = 0;
		};
		09E7B1241BB5C729007BAA5F /* Frameworks */ = {
			isa = PBXFrameworksBuildPhase;
			buildActionMask = 2147483647;
			files = (
			);
			runOnlyForDeploymentPostprocessing = 0;
		};
/* End PBXFrameworksBuildPhase section */

/* Begin PBXGroup section */
		09C84A431C271D95002CF5B7 /* xcode.config */ = {
			isa = PBXGroup;
			children = (
				09C84A451C271D95002CF5B7 /* ios.debug.xcconfig */,
				09C84A461C271D95002CF5B7 /* ios.release.xcconfig */,
				09C84A471C271D95002CF5B7 /* ios.xcconfig */,
				09C84A441C271D95002CF5B7 /* osx.debug.xcconfig */,
				09C84A481C271D95002CF5B7 /* osx.release.xcconfig */,
				09C84A491C271D95002CF5B7 /* osx.xcconfig */,
				09C84A4A1C271D95002CF5B7 /* Project.Debug.xcconfig */,
				09C84A4B1C271D95002CF5B7 /* Project.Release.xcconfig */,
				09C84A4C1C271D95002CF5B7 /* Project.Shared.xcconfig */,
			);
			path = xcode.config;
			sourceTree = "<group>";
		};
		09E7B1131BB5C64E007BAA5F = {
			isa = PBXGroup;
			children = (
				09C84A431C271D95002CF5B7 /* xcode.config */,
				09E7B1351BB5CA30007BAA5F /* include */,
				09E7B1321BB5CA0E007BAA5F /* source */,
				09E7B11D1BB5C64E007BAA5F /* Products */,
			);
			sourceTree = "<group>";
		};
		09E7B11D1BB5C64E007BAA5F /* Products */ = {
			isa = PBXGroup;
			children = (
				09E7B11C1BB5C64E007BAA5F /* libos.audio.osx.a */,
				09E7B1271BB5C729007BAA5F /* libos.audio.ios.a */,
			);
			name = Products;
			sourceTree = "<group>";
		};
		09E7B1321BB5CA0E007BAA5F /* source */ = {
			isa = PBXGroup;
			children = (
				09C682D81E28E44600C2716D /* channel.cpp */,
				09E7B1301BB5CA01007BAA5F /* os.audio.cpp */,
				09C645B31E0EC8A200153C61 /* out.cpp */,
				09C645AB1E0A9E4200153C61 /* parse.music.cpp */,
				09CA7B2A1E05A27C00E9CDF3 /* private.h */,
				09C645B71E0ED37000153C61 /* request.cpp */,
				09C645AF1E0ADD6900153C61 /* sound.cpp */,
				097835661D57B0EA00E47ED3 /* unity.build.cpp */,
			);
			name = source;
			sourceTree = "<group>";
		};
		09E7B1351BB5CA30007BAA5F /* include */ = {
			isa = PBXGroup;
			children = (
				0907BFB11E33BB3A003E19A1 /* sound.functions.h */,
				09C682D21E28945600C2716D /* channel.h */,
				09C645B51E0ECBBF00153C61 /* note.h */,
				09E7B1331BB5CA29007BAA5F /* os.audio.h */,
				09C682D41E28945600C2716D /* oscillator.h */,
				09C645B21E0EC84D00153C61 /* out.h */,
				09C645AD1E0ADCEE00153C61 /* parse.music.h */,
				09CA7B291E05A25600E9CDF3 /* public.h */,
				09C645B41E0EC98300153C61 /* request.h */,
				09E166FB1E306C8300822112 /* sound.defines.h */,
				09C645AC1E0ADC9800153C61 /* sound.h */,
				09C682D31E28945600C2716D /* stereo.h */,
			);
			name = include;
			sourceTree = "<group>";
		};
/* End PBXGroup section */

/* Begin PBXHeadersBuildPhase section */
		09E7B11A1BB5C64E007BAA5F /* Headers */ = {
			isa = PBXHeadersBuildPhase;
			buildActionMask = 2147483647;
			files = (
				09C682D61E28945600C2716D /* stereo.h in Headers */,
				09C682D51E28945600C2716D /* channel.h in Headers */,
				09C682D71E28945600C2716D /* oscillator.h in Headers */,
			);
			runOnlyForDeploymentPostprocessing = 0;
		};
/* End PBXHeadersBuildPhase section */

/* Begin PBXNativeTarget section */
		09E7B11B1BB5C64E007BAA5F /* os.audio.osx */ = {
			isa = PBXNativeTarget;
			buildConfigurationList = 09E7B1201BB5C64E007BAA5F /* Build configuration list for PBXNativeTarget "os.audio.osx" */;
			buildPhases = (
				09E7B1181BB5C64E007BAA5F /* Sources */,
				09E7B1191BB5C64E007BAA5F /* Frameworks */,
				09E7B11A1BB5C64E007BAA5F /* Headers */,
			);
			buildRules = (
			);
			dependencies = (
			);
			name = os.audio.osx;
			productName = os.audio;
			productReference = 09E7B11C1BB5C64E007BAA5F /* libos.audio.osx.a */;
			productType = "com.apple.product-type.library.static";
		};
		09E7B1261BB5C729007BAA5F /* os.audio.ios */ = {
			isa = PBXNativeTarget;
			buildConfigurationList = 09E7B12D1BB5C729007BAA5F /* Build configuration list for PBXNativeTarget "os.audio.ios" */;
			buildPhases = (
				09E7B1231BB5C729007BAA5F /* Sources */,
				09E7B1241BB5C729007BAA5F /* Frameworks */,
				09E7B1251BB5C729007BAA5F /* CopyFiles */,
			);
			buildRules = (
			);
			dependencies = (
			);
			name = os.audio.ios;
			productName = os.audio.ios;
			productReference = 09E7B1271BB5C729007BAA5F /* libos.audio.ios.a */;
			productType = "com.apple.product-type.library.static";
		};
/* End PBXNativeTarget section */

/* Begin PBXProject section */
		09E7B1141BB5C64E007BAA5F /* Project object */ = {
			isa = PBXProject;
			attributes = {
				LastUpgradeCheck = 0700;
				ORGANIZATIONNAME = Olivier;
				TargetAttributes = {
					09E7B11B1BB5C64E007BAA5F = {
						CreatedOnToolsVersion = 7.0;
					};
					09E7B1261BB5C729007BAA5F = {
						CreatedOnToolsVersion = 7.0;
						DevelopmentTeam = 2FJ564Q57Q;
					};
				};
			};
			buildConfigurationList = 09E7B1171BB5C64E007BAA5F /* Build configuration list for PBXProject "os.audio" */;
			compatibilityVersion = "Xcode 3.2";
			developmentRegion = English;
			hasScannedForEncodings = 0;
			knownRegions = (
				en,
			);
			mainGroup = 09E7B1131BB5C64E007BAA5F;
			productRefGroup = 09E7B11D1BB5C64E007BAA5F /* Products */;
			projectDirPath = "";
			projectRoot = "";
			targets = (
				09E7B11B1BB5C64E007BAA5F /* os.audio.osx */,
				09E7B1261BB5C729007BAA5F /* os.audio.ios */,
			);
		};
/* End PBXProject section */

/* Begin PBXSourcesBuildPhase section */
		09E7B1181BB5C64E007BAA5F /* Sources */ = {
			isa = PBXSourcesBuildPhase;
			buildActionMask = 2147483647;
			files = (
				097835671D57B0EA00E47ED3 /* unity.build.cpp in Sources */,
			);
			runOnlyForDeploymentPostprocessing = 0;
		};
		09E7B1231BB5C729007BAA5F /* Sources */ = {
			isa = PBXSourcesBuildPhase;
			buildActionMask = 2147483647;
			files = (
				097835681D57B0EA00E47ED3 /* unity.build.cpp in Sources */,
			);
			runOnlyForDeploymentPostprocessing = 0;
		};
/* End PBXSourcesBuildPhase section */

/* Begin XCBuildConfiguration section */
		09E7B11E1BB5C64E007BAA5F /* Debug */ = {
			isa = XCBuildConfiguration;
			baseConfigurationReference = 09C84A4A1C271D95002CF5B7 /* Project.Debug.xcconfig */;
			buildSettings = {
			};
			name = Debug;
		};
		09E7B11F1BB5C64E007BAA5F /* Release */ = {
			isa = XCBuildConfiguration;
			baseConfigurationReference = 09C84A4B1C271D95002CF5B7 /* Project.Release.xcconfig */;
			buildSettings = {
			};
			name = Release;
		};
		09E7B1211BB5C64E007BAA5F /* Debug */ = {
			isa = XCBuildConfiguration;
			baseConfigurationReference = 09C84A441C271D95002CF5B7 /* osx.debug.xcconfig */;
			buildSettings = {
			};
			name = Debug;
		};
		09E7B1221BB5C64E007BAA5F /* Release */ = {
			isa = XCBuildConfiguration;
			baseConfigurationReference = 09C84A481C271D95002CF5B7 /* osx.release.xcconfig */;
			buildSettings = {
			};
			name = Release;
		};
		09E7B12E1BB5C729007BAA5F /* Debug */ = {
			isa = XCBuildConfiguration;
			baseConfigurationReference = 09C84A451C271D95002CF5B7 /* ios.debug.xcconfig */;
			buildSettings = {
			};
			name = Debug;
		};
		09E7B12F1BB5C729007BAA5F /* Release */ = {
			isa = XCBuildConfiguration;
			baseConfigurationReference = 09C84A461C271D95002CF5B7 /* ios.release.xcconfig */;
			buildSettings = {
			};
			name = Release;
		};
/* End XCBuildConfiguration section */

/* Begin XCConfigurationList section */
		09E7B1171BB5C64E007BAA5F /* Build configuration list for PBXProject "os.audio" */ = {
			isa = XCConfigurationList;
			buildConfigurations = (
				09E7B11E1BB5C64E007BAA5F /* Debug */,
				09E7B11F1BB5C64E007BAA5F /* Release */,
			);
			defaultConfigurationIsVisible = 0;
			defaultConfigurationName = Release;
		};
		09E7B1201BB5C64E007BAA5F /* Build configuration list for PBXNativeTarget "os.audio.osx" */ = {
			isa = XCConfigurationList;
			buildConfigurations = (
				09E7B1211BB5C64E007BAA5F /* Debug */,
				09E7B1221BB5C64E007BAA5F /* Release */,
			);
			defaultConfigurationIsVisible = 0;
			defaultConfigurationName = Release;
		};
		09E7B12D1BB5C729007BAA5F /* Build configuration list for PBXNativeTarget "os.audio.ios" */ = {
			isa = XCConfigurationList;
			buildConfigurations = (
				09E7B12E1BB5C729007BAA5F /* Debug */,
				09E7B12F1BB5C729007BAA5F /* Release */,
			);
			defaultConfigurationIsVisible = 0;
			defaultConfigurationName = Release;
		};
/* End XCConfigurationList section */
	};
	rootObject = 09E7B1141BB5C64E007BAA5F /* Project object */;
}
